// !$*UTF8*$!
{
	archiveVersion = 1;
	classes = {
	};
	objectVersion = 46;
	objects = {

/* Begin PBXBuildFile section */
		4D59CC091A03D172002B4AE9 /* ChatTableViewCell.m in Sources */ = {isa = PBXBuildFile; fileRef = 4D59CC081A03D172002B4AE9 /* ChatTableViewCell.m */; };
		4D59CC0E1A0479BB002B4AE9 /* ChatView.m in Sources */ = {isa = PBXBuildFile; fileRef = 4D59CC0D1A0479BB002B4AE9 /* ChatView.m */; };
		4D6E30DA1A088F76007698FC /* EGORefreshTableHeaderView.m in Sources */ = {isa = PBXBuildFile; fileRef = 4D6E30D31A088F76007698FC /* EGORefreshTableHeaderView.m */; };
		4D6E30DB1A088F76007698FC /* LoadMoreTableFooterView.m in Sources */ = {isa = PBXBuildFile; fileRef = 4D6E30D51A088F76007698FC /* LoadMoreTableFooterView.m */; };
		4D6E30DC1A088F76007698FC /* MessageInterceptor.m in Sources */ = {isa = PBXBuildFile; fileRef = 4D6E30D71A088F76007698FC /* MessageInterceptor.m */; };
		4D6E30DD1A088F76007698FC /* PullTableView.m in Sources */ = {isa = PBXBuildFile; fileRef = 4D6E30D91A088F76007698FC /* PullTableView.m */; };
		4D6E30E01A0892AD007698FC /* ChatboxPopOverController.m in Sources */ = {isa = PBXBuildFile; fileRef = 4D6E30DF1A0892AD007698FC /* ChatboxPopOverController.m */; };
		4D6E30E31A08BDDC007698FC /* LoginViewController.m in Sources */ = {isa = PBXBuildFile; fileRef = 4D6E30E21A08BDDC007698FC /* LoginViewController.m */; };
		4D7076521A0A1C9800A95251 /* SettingViewController.m in Sources */ = {isa = PBXBuildFile; fileRef = 4D7076511A0A1C9800A95251 /* SettingViewController.m */; };
		4DB69A011A00BD7900B493D9 /* main.m in Sources */ = {isa = PBXBuildFile; fileRef = 4DB69A001A00BD7900B493D9 /* main.m */; };
		4DB69A041A00BD7900B493D9 /* AppDelegate.m in Sources */ = {isa = PBXBuildFile; fileRef = 4DB69A031A00BD7900B493D9 /* AppDelegate.m */; };
		4DB69A0A1A00BD7900B493D9 /* Main.storyboard in Resources */ = {isa = PBXBuildFile; fileRef = 4DB69A081A00BD7900B493D9 /* Main.storyboard */; };
		4DB69A0C1A00BD7900B493D9 /* Images.xcassets in Resources */ = {isa = PBXBuildFile; fileRef = 4DB69A0B1A00BD7900B493D9 /* Images.xcassets */; };
		4DB69A0F1A00BD7900B493D9 /* LaunchScreen.xib in Resources */ = {isa = PBXBuildFile; fileRef = 4DB69A0D1A00BD7900B493D9 /* LaunchScreen.xib */; };
		4DB69A1B1A00BD7900B493D9 /* XSkyerChatroomTests.m in Sources */ = {isa = PBXBuildFile; fileRef = 4DB69A1A1A00BD7900B493D9 /* XSkyerChatroomTests.m */; };
		4DB69A261A00BDB700B493D9 /* TableViewController.m in Sources */ = {isa = PBXBuildFile; fileRef = 4DB69A251A00BDB700B493D9 /* TableViewController.m */; };
		4DB69A2B1A00BDF700B493D9 /* TFHpple.m in Sources */ = {isa = PBXBuildFile; fileRef = 4DB69A281A00BDF700B493D9 /* TFHpple.m */; };
		4DB69A2C1A00BDF700B493D9 /* TFHpple.m in Sources */ = {isa = PBXBuildFile; fileRef = 4DB69A281A00BDF700B493D9 /* TFHpple.m */; };
		4DB69A2D1A00BDF700B493D9 /* TFHppleElement.m in Sources */ = {isa = PBXBuildFile; fileRef = 4DB69A2A1A00BDF700B493D9 /* TFHppleElement.m */; };
		4DB69A2E1A00BDF700B493D9 /* TFHppleElement.m in Sources */ = {isa = PBXBuildFile; fileRef = 4DB69A2A1A00BDF700B493D9 /* TFHppleElement.m */; };
		4DB69A331A00BE5700B493D9 /* XPathQuery.m in Sources */ = {isa = PBXBuildFile; fileRef = 4DB69A321A00BE5700B493D9 /* XPathQuery.m */; };
		4DB69A351A00BE6E00B493D9 /* libxml2.dylib in Frameworks */ = {isa = PBXBuildFile; fileRef = 4DB69A341A00BE6E00B493D9 /* libxml2.dylib */; };
		4DB69A381A00BF9700B493D9 /* Constants.m in Sources */ = {isa = PBXBuildFile; fileRef = 4DB69A371A00BF9700B493D9 /* Constants.m */; };
		4DB69A3C1A00C09700B493D9 /* ChatData.m in Sources */ = {isa = PBXBuildFile; fileRef = 4DB69A3B1A00C09700B493D9 /* ChatData.m */; };
		4DB69A3F1A00C0DA00B493D9 /* AccessControl.m in Sources */ = {isa = PBXBuildFile; fileRef = 4DB69A3E1A00C0DA00B493D9 /* AccessControl.m */; };
		4DB69A421A00C0FD00B493D9 /* ParseChat.m in Sources */ = {isa = PBXBuildFile; fileRef = 4DB69A411A00C0FD00B493D9 /* ParseChat.m */; };
		4DCB409D1A05297500ED80C6 /* ChatBoxView.m in Sources */ = {isa = PBXBuildFile; fileRef = 4DCB409C1A05297500ED80C6 /* ChatBoxView.m */; };
		4DCB40A01A05299F00ED80C6 /* ToolbarView.m in Sources */ = {isa = PBXBuildFile; fileRef = 4DCB409F1A05299F00ED80C6 /* ToolbarView.m */; };
		4DCB40A31A05C39200ED80C6 /* PostParameter.m in Sources */ = {isa = PBXBuildFile; fileRef = 4DCB40A21A05C39200ED80C6 /* PostParameter.m */; };
/* End PBXBuildFile section */

/* Begin PBXContainerItemProxy section */
		4DB69A151A00BD7900B493D9 /* PBXContainerItemProxy */ = {
			isa = PBXContainerItemProxy;
			containerPortal = 4DB699F31A00BD7900B493D9 /* Project object */;
			proxyType = 1;
			remoteGlobalIDString = 4DB699FA1A00BD7900B493D9;
			remoteInfo = XSkyerChatroom;
		};
/* End PBXContainerItemProxy section */

/* Begin PBXFileReference section */
		4D59CC071A03D172002B4AE9 /* ChatTableViewCell.h */ = {isa = PBXFileReference; fileEncoding = 4; lastKnownFileType = sourcecode.c.h; name = ChatTableViewCell.h; path = ../ChatTableViewCell.h; sourceTree = "<group>"; };
		4D59CC081A03D172002B4AE9 /* ChatTableViewCell.m */ = {isa = PBXFileReference; fileEncoding = 4; lastKnownFileType = sourcecode.c.objc; name = ChatTableViewCell.m; path = ../ChatTableViewCell.m; sourceTree = "<group>"; };
		4D59CC0C1A0479BB002B4AE9 /* ChatView.h */ = {isa = PBXFileReference; fileEncoding = 4; lastKnownFileType = sourcecode.c.h; path = ChatView.h; sourceTree = "<group>"; };
		4D59CC0D1A0479BB002B4AE9 /* ChatView.m */ = {isa = PBXFileReference; fileEncoding = 4; lastKnownFileType = sourcecode.c.objc; path = ChatView.m; sourceTree = "<group>"; };
		4D6E30D21A088F76007698FC /* EGORefreshTableHeaderView.h */ = {isa = PBXFileReference; fileEncoding = 4; lastKnownFileType = sourcecode.c.h; path = EGORefreshTableHeaderView.h; sourceTree = "<group>"; };
		4D6E30D31A088F76007698FC /* EGORefreshTableHeaderView.m */ = {isa = PBXFileReference; fileEncoding = 4; lastKnownFileType = sourcecode.c.objc; path = EGORefreshTableHeaderView.m; sourceTree = "<group>"; };
		4D6E30D41A088F76007698FC /* LoadMoreTableFooterView.h */ = {isa = PBXFileReference; fileEncoding = 4; lastKnownFileType = sourcecode.c.h; path = LoadMoreTableFooterView.h; sourceTree = "<group>"; };
		4D6E30D51A088F76007698FC /* LoadMoreTableFooterView.m */ = {isa = PBXFileReference; fileEncoding = 4; lastKnownFileType = sourcecode.c.objc; path = LoadMoreTableFooterView.m; sourceTree = "<group>"; };
		4D6E30D61A088F76007698FC /* MessageInterceptor.h */ = {isa = PBXFileReference; fileEncoding = 4; lastKnownFileType = sourcecode.c.h; path = MessageInterceptor.h; sourceTree = "<group>"; };
		4D6E30D71A088F76007698FC /* MessageInterceptor.m */ = {isa = PBXFileReference; fileEncoding = 4; lastKnownFileType = sourcecode.c.objc; path = MessageInterceptor.m; sourceTree = "<group>"; };
		4D6E30D81A088F76007698FC /* PullTableView.h */ = {isa = PBXFileReference; fileEncoding = 4; lastKnownFileType = sourcecode.c.h; path = PullTableView.h; sourceTree = "<group>"; };
		4D6E30D91A088F76007698FC /* PullTableView.m */ = {isa = PBXFileReference; fileEncoding = 4; lastKnownFileType = sourcecode.c.objc; path = PullTableView.m; sourceTree = "<group>"; };
		4D6E30DE1A0892AD007698FC /* ChatboxPopOverController.h */ = {isa = PBXFileReference; fileEncoding = 4; lastKnownFileType = sourcecode.c.h; path = ChatboxPopOverController.h; sourceTree = "<group>"; };
		4D6E30DF1A0892AD007698FC /* ChatboxPopOverController.m */ = {isa = PBXFileReference; fileEncoding = 4; lastKnownFileType = sourcecode.c.objc; path = ChatboxPopOverController.m; sourceTree = "<group>"; };
		4D6E30E11A08BDDC007698FC /* LoginViewController.h */ = {isa = PBXFileReference; fileEncoding = 4; lastKnownFileType = sourcecode.c.h; path = LoginViewController.h; sourceTree = "<group>"; };
		4D6E30E21A08BDDC007698FC /* LoginViewController.m */ = {isa = PBXFileReference; fileEncoding = 4; lastKnownFileType = sourcecode.c.objc; path = LoginViewController.m; sourceTree = "<group>"; };
		4D7076501A0A1C9800A95251 /* SettingViewController.h */ = {isa = PBXFileReference; fileEncoding = 4; lastKnownFileType = sourcecode.c.h; path = SettingViewController.h; sourceTree = "<group>"; };
		4D7076511A0A1C9800A95251 /* SettingViewController.m */ = {isa = PBXFileReference; fileEncoding = 4; lastKnownFileType = sourcecode.c.objc; path = SettingViewController.m; sourceTree = "<group>"; };
		4DB699FB1A00BD7900B493D9 /* XSkyerChatroom.app */ = {isa = PBXFileReference; explicitFileType = wrapper.application; includeInIndex = 0; path = XSkyerChatroom.app; sourceTree = BUILT_PRODUCTS_DIR; };
		4DB699FF1A00BD7900B493D9 /* Info.plist */ = {isa = PBXFileReference; lastKnownFileType = text.plist.xml; path = Info.plist; sourceTree = "<group>"; };
		4DB69A001A00BD7900B493D9 /* main.m */ = {isa = PBXFileReference; lastKnownFileType = sourcecode.c.objc; path = main.m; sourceTree = "<group>"; };
		4DB69A021A00BD7900B493D9 /* AppDelegate.h */ = {isa = PBXFileReference; lastKnownFileType = sourcecode.c.h; path = AppDelegate.h; sourceTree = "<group>"; };
		4DB69A031A00BD7900B493D9 /* AppDelegate.m */ = {isa = PBXFileReference; lastKnownFileType = sourcecode.c.objc; path = AppDelegate.m; sourceTree = "<group>"; };
		4DB69A091A00BD7900B493D9 /* Base */ = {isa = PBXFileReference; lastKnownFileType = file.storyboard; name = Base; path = Base.lproj/Main.storyboard; sourceTree = "<group>"; };
		4DB69A0B1A00BD7900B493D9 /* Images.xcassets */ = {isa = PBXFileReference; lastKnownFileType = folder.assetcatalog; path = Images.xcassets; sourceTree = "<group>"; };
		4DB69A0E1A00BD7900B493D9 /* Base */ = {isa = PBXFileReference; lastKnownFileType = file.xib; name = Base; path = Base.lproj/LaunchScreen.xib; sourceTree = "<group>"; };
		4DB69A141A00BD7900B493D9 /* XSkyerChatroomTests.xctest */ = {isa = PBXFileReference; explicitFileType = wrapper.cfbundle; includeInIndex = 0; path = XSkyerChatroomTests.xctest; sourceTree = BUILT_PRODUCTS_DIR; };
		4DB69A191A00BD7900B493D9 /* Info.plist */ = {isa = PBXFileReference; lastKnownFileType = text.plist.xml; path = Info.plist; sourceTree = "<group>"; };
		4DB69A1A1A00BD7900B493D9 /* XSkyerChatroomTests.m */ = {isa = PBXFileReference; lastKnownFileType = sourcecode.c.objc; path = XSkyerChatroomTests.m; sourceTree = "<group>"; };
		4DB69A241A00BDB700B493D9 /* TableViewController.h */ = {isa = PBXFileReference; fileEncoding = 4; lastKnownFileType = sourcecode.c.h; path = TableViewController.h; sourceTree = "<group>"; };
		4DB69A251A00BDB700B493D9 /* TableViewController.m */ = {isa = PBXFileReference; fileEncoding = 4; lastKnownFileType = sourcecode.c.objc; path = TableViewController.m; sourceTree = "<group>"; };
		4DB69A271A00BDF700B493D9 /* TFHpple.h */ = {isa = PBXFileReference; fileEncoding = 4; lastKnownFileType = sourcecode.c.h; path = TFHpple.h; sourceTree = "<group>"; };
		4DB69A281A00BDF700B493D9 /* TFHpple.m */ = {isa = PBXFileReference; fileEncoding = 4; lastKnownFileType = sourcecode.c.objc; path = TFHpple.m; sourceTree = "<group>"; };
		4DB69A291A00BDF700B493D9 /* TFHppleElement.h */ = {isa = PBXFileReference; fileEncoding = 4; lastKnownFileType = sourcecode.c.h; path = TFHppleElement.h; sourceTree = "<group>"; };
		4DB69A2A1A00BDF700B493D9 /* TFHppleElement.m */ = {isa = PBXFileReference; fileEncoding = 4; lastKnownFileType = sourcecode.c.objc; path = TFHppleElement.m; sourceTree = "<group>"; };
		4DB69A311A00BE5700B493D9 /* XPathQuery.h */ = {isa = PBXFileReference; fileEncoding = 4; lastKnownFileType = sourcecode.c.h; path = XPathQuery.h; sourceTree = "<group>"; };
		4DB69A321A00BE5700B493D9 /* XPathQuery.m */ = {isa = PBXFileReference; fileEncoding = 4; lastKnownFileType = sourcecode.c.objc; path = XPathQuery.m; sourceTree = "<group>"; };
		4DB69A341A00BE6E00B493D9 /* libxml2.dylib */ = {isa = PBXFileReference; lastKnownFileType = "compiled.mach-o.dylib"; name = libxml2.dylib; path = usr/lib/libxml2.dylib; sourceTree = SDKROOT; };
		4DB69A361A00BF9700B493D9 /* Constants.h */ = {isa = PBXFileReference; fileEncoding = 4; lastKnownFileType = sourcecode.c.h; path = Constants.h; sourceTree = "<group>"; };
		4DB69A371A00BF9700B493D9 /* Constants.m */ = {isa = PBXFileReference; fileEncoding = 4; lastKnownFileType = sourcecode.c.objc; path = Constants.m; sourceTree = "<group>"; };
		4DB69A3A1A00C09700B493D9 /* ChatData.h */ = {isa = PBXFileReference; fileEncoding = 4; lastKnownFileType = sourcecode.c.h; path = ChatData.h; sourceTree = "<group>"; };
		4DB69A3B1A00C09700B493D9 /* ChatData.m */ = {isa = PBXFileReference; fileEncoding = 4; lastKnownFileType = sourcecode.c.objc; path = ChatData.m; sourceTree = "<group>"; };
		4DB69A3D1A00C0DA00B493D9 /* AccessControl.h */ = {isa = PBXFileReference; fileEncoding = 4; lastKnownFileType = sourcecode.c.h; path = AccessControl.h; sourceTree = "<group>"; };
		4DB69A3E1A00C0DA00B493D9 /* AccessControl.m */ = {isa = PBXFileReference; fileEncoding = 4; lastKnownFileType = sourcecode.c.objc; path = AccessControl.m; sourceTree = "<group>"; };
		4DB69A401A00C0FD00B493D9 /* ParseChat.h */ = {isa = PBXFileReference; fileEncoding = 4; lastKnownFileType = sourcecode.c.h; path = ParseChat.h; sourceTree = "<group>"; };
		4DB69A411A00C0FD00B493D9 /* ParseChat.m */ = {isa = PBXFileReference; fileEncoding = 4; lastKnownFileType = sourcecode.c.objc; path = ParseChat.m; sourceTree = "<group>"; };
		4DCB409B1A05297500ED80C6 /* ChatBoxView.h */ = {isa = PBXFileReference; fileEncoding = 4; lastKnownFileType = sourcecode.c.h; path = ChatBoxView.h; sourceTree = "<group>"; };
		4DCB409C1A05297500ED80C6 /* ChatBoxView.m */ = {isa = PBXFileReference; fileEncoding = 4; lastKnownFileType = sourcecode.c.objc; path = ChatBoxView.m; sourceTree = "<group>"; };
		4DCB409E1A05299F00ED80C6 /* ToolbarView.h */ = {isa = PBXFileReference; fileEncoding = 4; lastKnownFileType = sourcecode.c.h; path = ToolbarView.h; sourceTree = "<group>"; };
		4DCB409F1A05299F00ED80C6 /* ToolbarView.m */ = {isa = PBXFileReference; fileEncoding = 4; lastKnownFileType = sourcecode.c.objc; path = ToolbarView.m; sourceTree = "<group>"; };
		4DCB40A11A05C39200ED80C6 /* PostParameter.h */ = {isa = PBXFileReference; fileEncoding = 4; lastKnownFileType = sourcecode.c.h; path = PostParameter.h; sourceTree = "<group>"; };
		4DCB40A21A05C39200ED80C6 /* PostParameter.m */ = {isa = PBXFileReference; fileEncoding = 4; lastKnownFileType = sourcecode.c.objc; path = PostParameter.m; sourceTree = "<group>"; };
/* End PBXFileReference section */

/* Begin PBXFrameworksBuildPhase section */
		4DB699F81A00BD7900B493D9 /* Frameworks */ = {
			isa = PBXFrameworksBuildPhase;
			buildActionMask = 2147483647;
			files = (
				4DB69A351A00BE6E00B493D9 /* libxml2.dylib in Frameworks */,
			);
			runOnlyForDeploymentPostprocessing = 0;
		};
		4DB69A111A00BD7900B493D9 /* Frameworks */ = {
			isa = PBXFrameworksBuildPhase;
			buildActionMask = 2147483647;
			files = (
			);
			runOnlyForDeploymentPostprocessing = 0;
		};
/* End PBXFrameworksBuildPhase section */

/* Begin PBXGroup section */
		4D6E30D01A088F55007698FC /* EGOTableViewPullRefresh */ = {
			isa = PBXGroup;
			children = (
				4D6E30D11A088F5C007698FC /* Classes */,
			);
			name = EGOTableViewPullRefresh;
			sourceTree = "<group>";
		};
		4D6E30D11A088F5C007698FC /* Classes */ = {
			isa = PBXGroup;
			children = (
				4D6E30D21A088F76007698FC /* EGORefreshTableHeaderView.h */,
				4D6E30D31A088F76007698FC /* EGORefreshTableHeaderView.m */,
				4D6E30D41A088F76007698FC /* LoadMoreTableFooterView.h */,
				4D6E30D51A088F76007698FC /* LoadMoreTableFooterView.m */,
				4D6E30D61A088F76007698FC /* MessageInterceptor.h */,
				4D6E30D71A088F76007698FC /* MessageInterceptor.m */,
				4D6E30D81A088F76007698FC /* PullTableView.h */,
				4D6E30D91A088F76007698FC /* PullTableView.m */,
			);
			name = Classes;
			sourceTree = "<group>";
		};
		4DB699F21A00BD7900B493D9 = {
			isa = PBXGroup;
			children = (
				4DB69A341A00BE6E00B493D9 /* libxml2.dylib */,
				4DB699FD1A00BD7900B493D9 /* XSkyerChatroom */,
				4DB69A171A00BD7900B493D9 /* XSkyerChatroomTests */,
				4DB699FC1A00BD7900B493D9 /* Products */,
			);
			sourceTree = "<group>";
		};
		4DB699FC1A00BD7900B493D9 /* Products */ = {
			isa = PBXGroup;
			children = (
				4DB699FB1A00BD7900B493D9 /* XSkyerChatroom.app */,
				4DB69A141A00BD7900B493D9 /* XSkyerChatroomTests.xctest */,
			);
			name = Products;
			sourceTree = "<group>";
		};
		4DB699FD1A00BD7900B493D9 /* XSkyerChatroom */ = {
			isa = PBXGroup;
			children = (
				4DCB409A1A05271A00ED80C6 /* CustomViews */,
				4DB69A391A00C07D00B493D9 /* Model */,
				4DB69A2F1A00BE1E00B493D9 /* Hpple */,
				4D59CC071A03D172002B4AE9 /* ChatTableViewCell.h */,
				4D59CC081A03D172002B4AE9 /* ChatTableViewCell.m */,
				4D7076501A0A1C9800A95251 /* SettingViewController.h */,
				4D7076511A0A1C9800A95251 /* SettingViewController.m */,
				4DB69A241A00BDB700B493D9 /* TableViewController.h */,
				4DB69A251A00BDB700B493D9 /* TableViewController.m */,
				4D6E30DE1A0892AD007698FC /* ChatboxPopOverController.h */,
				4D6E30DF1A0892AD007698FC /* ChatboxPopOverController.m */,
				4D6E30E11A08BDDC007698FC /* LoginViewController.h */,
				4D6E30E21A08BDDC007698FC /* LoginViewController.m */,
				4DB69A0B1A00BD7900B493D9 /* Images.xcassets */,
				4DB69A081A00BD7900B493D9 /* Main.storyboard */,
				4DB69A0D1A00BD7900B493D9 /* LaunchScreen.xib */,
				4DB699FE1A00BD7900B493D9 /* Supporting Files */,
			);
			path = XSkyerChatroom;
			sourceTree = "<group>";
		};
		4DB699FE1A00BD7900B493D9 /* Supporting Files */ = {
			isa = PBXGroup;
			children = (
				4D6E30D01A088F55007698FC /* EGOTableViewPullRefresh */,
				4DB69A021A00BD7900B493D9 /* AppDelegate.h */,
				4DB69A031A00BD7900B493D9 /* AppDelegate.m */,
				4DB699FF1A00BD7900B493D9 /* Info.plist */,
				4DB69A001A00BD7900B493D9 /* main.m */,
				4DB69A361A00BF9700B493D9 /* Constants.h */,
				4DB69A371A00BF9700B493D9 /* Constants.m */,
			);
			name = "Supporting Files";
			sourceTree = "<group>";
		};
		4DB69A171A00BD7900B493D9 /* XSkyerChatroomTests */ = {
			isa = PBXGroup;
			children = (
				4DB69A1A1A00BD7900B493D9 /* XSkyerChatroomTests.m */,
				4DB69A181A00BD7900B493D9 /* Supporting Files */,
			);
			path = XSkyerChatroomTests;
			sourceTree = "<group>";
		};
		4DB69A181A00BD7900B493D9 /* Supporting Files */ = {
			isa = PBXGroup;
			children = (
				4DB69A191A00BD7900B493D9 /* Info.plist */,
			);
			name = "Supporting Files";
			sourceTree = "<group>";
		};
		4DB69A2F1A00BE1E00B493D9 /* Hpple */ = {
			isa = PBXGroup;
			children = (
				4DB69A301A00BE3E00B493D9 /* XPath */,
				4DB69A271A00BDF700B493D9 /* TFHpple.h */,
				4DB69A281A00BDF700B493D9 /* TFHpple.m */,
				4DB69A291A00BDF700B493D9 /* TFHppleElement.h */,
				4DB69A2A1A00BDF700B493D9 /* TFHppleElement.m */,
			);
			name = Hpple;
			sourceTree = "<group>";
		};
		4DB69A301A00BE3E00B493D9 /* XPath */ = {
			isa = PBXGroup;
			children = (
				4DB69A311A00BE5700B493D9 /* XPathQuery.h */,
				4DB69A321A00BE5700B493D9 /* XPathQuery.m */,
			);
			name = XPath;
			sourceTree = "<group>";
		};
		4DB69A391A00C07D00B493D9 /* Model */ = {
			isa = PBXGroup;
			children = (
				4DB69A3A1A00C09700B493D9 /* ChatData.h */,
				4DB69A3B1A00C09700B493D9 /* ChatData.m */,
				4DB69A3D1A00C0DA00B493D9 /* AccessControl.h */,
				4DB69A3E1A00C0DA00B493D9 /* AccessControl.m */,
				4DB69A401A00C0FD00B493D9 /* ParseChat.h */,
				4DB69A411A00C0FD00B493D9 /* ParseChat.m */,
				4DCB40A11A05C39200ED80C6 /* PostParameter.h */,
				4DCB40A21A05C39200ED80C6 /* PostParameter.m */,
			);
			name = Model;
			sourceTree = "<group>";
		};
		4DCB409A1A05271A00ED80C6 /* CustomViews */ = {
			isa = PBXGroup;
			children = (
				4D59CC0C1A0479BB002B4AE9 /* ChatView.h */,
				4D59CC0D1A0479BB002B4AE9 /* ChatView.m */,
				4DCB409B1A05297500ED80C6 /* ChatBoxView.h */,
				4DCB409C1A05297500ED80C6 /* ChatBoxView.m */,
				4DCB409E1A05299F00ED80C6 /* ToolbarView.h */,
				4DCB409F1A05299F00ED80C6 /* ToolbarView.m */,
			);
			name = CustomViews;
			sourceTree = "<group>";
		};
/* End PBXGroup section */

/* Begin PBXNativeTarget section */
		4DB699FA1A00BD7900B493D9 /* XSkyerChatroom */ = {
			isa = PBXNativeTarget;
			buildConfigurationList = 4DB69A1E1A00BD7900B493D9 /* Build configuration list for PBXNativeTarget "XSkyerChatroom" */;
			buildPhases = (
				4DB699F71A00BD7900B493D9 /* Sources */,
				4DB699F81A00BD7900B493D9 /* Frameworks */,
				4DB699F91A00BD7900B493D9 /* Resources */,
			);
			buildRules = (
			);
			dependencies = (
			);
			name = XSkyerChatroom;
			productName = XSkyerChatroom;
			productReference = 4DB699FB1A00BD7900B493D9 /* XSkyerChatroom.app */;
			productType = "com.apple.product-type.application";
		};
		4DB69A131A00BD7900B493D9 /* XSkyerChatroomTests */ = {
			isa = PBXNativeTarget;
			buildConfigurationList = 4DB69A211A00BD7900B493D9 /* Build configuration list for PBXNativeTarget "XSkyerChatroomTests" */;
			buildPhases = (
				4DB69A101A00BD7900B493D9 /* Sources */,
				4DB69A111A00BD7900B493D9 /* Frameworks */,
				4DB69A121A00BD7900B493D9 /* Resources */,
			);
			buildRules = (
			);
			dependencies = (
				4DB69A161A00BD7900B493D9 /* PBXTargetDependency */,
			);
			name = XSkyerChatroomTests;
			productName = XSkyerChatroomTests;
			productReference = 4DB69A141A00BD7900B493D9 /* XSkyerChatroomTests.xctest */;
			productType = "com.apple.product-type.bundle.unit-test";
		};
/* End PBXNativeTarget section */

/* Begin PBXProject section */
		4DB699F31A00BD7900B493D9 /* Project object */ = {
			isa = PBXProject;
			attributes = {
				LastUpgradeCheck = 0610;
				ORGANIZATIONNAME = SheldonLC;
				TargetAttributes = {
					4DB699FA1A00BD7900B493D9 = {
						CreatedOnToolsVersion = 6.1;
					};
					4DB69A131A00BD7900B493D9 = {
						CreatedOnToolsVersion = 6.1;
						TestTargetID = 4DB699FA1A00BD7900B493D9;
					};
				};
			};
			buildConfigurationList = 4DB699F61A00BD7900B493D9 /* Build configuration list for PBXProject "XSkyerChatroom" */;
			compatibilityVersion = "Xcode 3.2";
			developmentRegion = English;
			hasScannedForEncodings = 0;
			knownRegions = (
				en,
				Base,
			);
			mainGroup = 4DB699F21A00BD7900B493D9;
			productRefGroup = 4DB699FC1A00BD7900B493D9 /* Products */;
			projectDirPath = "";
			projectRoot = "";
			targets = (
				4DB699FA1A00BD7900B493D9 /* XSkyerChatroom */,
				4DB69A131A00BD7900B493D9 /* XSkyerChatroomTests */,
			);
		};
/* End PBXProject section */

/* Begin PBXResourcesBuildPhase section */
		4DB699F91A00BD7900B493D9 /* Resources */ = {
			isa = PBXResourcesBuildPhase;
			buildActionMask = 2147483647;
			files = (
				4DB69A0A1A00BD7900B493D9 /* Main.storyboard in Resources */,
				4DB69A0F1A00BD7900B493D9 /* LaunchScreen.xib in Resources */,
				4DB69A0C1A00BD7900B493D9 /* Images.xcassets in Resources */,
			);
			runOnlyForDeploymentPostprocessing = 0;
		};
		4DB69A121A00BD7900B493D9 /* Resources */ = {
			isa = PBXResourcesBuildPhase;
			buildActionMask = 2147483647;
			files = (
			);
			runOnlyForDeploymentPostprocessing = 0;
		};
/* End PBXResourcesBuildPhase section */

/* Begin PBXSourcesBuildPhase section */
		4DB699F71A00BD7900B493D9 /* Sources */ = {
			isa = PBXSourcesBuildPhase;
			buildActionMask = 2147483647;
			files = (
				4D59CC0E1A0479BB002B4AE9 /* ChatView.m in Sources */,
				4D6E30E01A0892AD007698FC /* ChatboxPopOverController.m in Sources */,
				4D6E30DC1A088F76007698FC /* MessageInterceptor.m in Sources */,
				4DCB409D1A05297500ED80C6 /* ChatBoxView.m in Sources */,
				4D59CC091A03D172002B4AE9 /* ChatTableViewCell.m in Sources */,
				4DB69A041A00BD7900B493D9 /* AppDelegate.m in Sources */,
				4DB69A421A00C0FD00B493D9 /* ParseChat.m in Sources */,
				4DB69A3F1A00C0DA00B493D9 /* AccessControl.m in Sources */,
				4DB69A261A00BDB700B493D9 /* TableViewController.m in Sources */,
				4D7076521A0A1C9800A95251 /* SettingViewController.m in Sources */,
				4D6E30DA1A088F76007698FC /* EGORefreshTableHeaderView.m in Sources */,
				4DB69A011A00BD7900B493D9 /* main.m in Sources */,
				4D6E30E31A08BDDC007698FC /* LoginViewController.m in Sources */,
				4DB69A2B1A00BDF700B493D9 /* TFHpple.m in Sources */,
				4DB69A331A00BE5700B493D9 /* XPathQuery.m in Sources */,
				4DB69A381A00BF9700B493D9 /* Constants.m in Sources */,
				4D6E30DB1A088F76007698FC /* LoadMoreTableFooterView.m in Sources */,
				4DB69A2D1A00BDF700B493D9 /* TFHppleElement.m in Sources */,
				4DCB40A31A05C39200ED80C6 /* PostParameter.m in Sources */,
				4DCB40A01A05299F00ED80C6 /* ToolbarView.m in Sources */,
				4D6E30DD1A088F76007698FC /* PullTableView.m in Sources */,
				4DB69A3C1A00C09700B493D9 /* ChatData.m in Sources */,
			);
			runOnlyForDeploymentPostprocessing = 0;
		};
		4DB69A101A00BD7900B493D9 /* Sources */ = {
			isa = PBXSourcesBuildPhase;
			buildActionMask = 2147483647;
			files = (
				4DB69A2E1A00BDF700B493D9 /* TFHppleElement.m in Sources */,
				4DB69A1B1A00BD7900B493D9 /* XSkyerChatroomTests.m in Sources */,
				4DB69A2C1A00BDF700B493D9 /* TFHpple.m in Sources */,
			);
			runOnlyForDeploymentPostprocessing = 0;
		};
/* End PBXSourcesBuildPhase section */

/* Begin PBXTargetDependency section */
		4DB69A161A00BD7900B493D9 /* PBXTargetDependency */ = {
			isa = PBXTargetDependency;
			target = 4DB699FA1A00BD7900B493D9 /* XSkyerChatroom */;
			targetProxy = 4DB69A151A00BD7900B493D9 /* PBXContainerItemProxy */;
		};
/* End PBXTargetDependency section */

/* Begin PBXVariantGroup section */
		4DB69A081A00BD7900B493D9 /* Main.storyboard */ = {
			isa = PBXVariantGroup;
			children = (
				4DB69A091A00BD7900B493D9 /* Base */,
			);
			name = Main.storyboard;
			sourceTree = "<group>";
		};
		4DB69A0D1A00BD7900B493D9 /* LaunchScreen.xib */ = {
			isa = PBXVariantGroup;
			children = (
				4DB69A0E1A00BD7900B493D9 /* Base */,
			);
			name = LaunchScreen.xib;
			sourceTree = "<group>";
		};
/* End PBXVariantGroup section */

/* Begin XCBuildConfiguration section */
		4DB69A1C1A00BD7900B493D9 /* Debug */ = {
			isa = XCBuildConfiguration;
			buildSettings = {
				ALWAYS_SEARCH_USER_PATHS = NO;
				CLANG_CXX_LANGUAGE_STANDARD = "gnu++0x";
				CLANG_CXX_LIBRARY = "libc++";
				CLANG_ENABLE_MODULES = YES;
				CLANG_ENABLE_OBJC_ARC = YES;
				CLANG_WARN_BOOL_CONVERSION = YES;
				CLANG_WARN_CONSTANT_CONVERSION = YES;
				CLANG_WARN_DIRECT_OBJC_ISA_USAGE = YES_ERROR;
				CLANG_WARN_EMPTY_BODY = YES;
				CLANG_WARN_ENUM_CONVERSION = YES;
				CLANG_WARN_INT_CONVERSION = YES;
				CLANG_WARN_OBJC_ROOT_CLASS = YES_ERROR;
				CLANG_WARN_UNREACHABLE_CODE = YES;
				CLANG_WARN__DUPLICATE_METHOD_MATCH = YES;
				"CODE_SIGN_IDENTITY[sdk=iphoneos*]" = "iPhone Developer";
				COPY_PHASE_STRIP = NO;
				ENABLE_STRICT_OBJC_MSGSEND = YES;
				GCC_C_LANGUAGE_STANDARD = gnu99;
				GCC_DYNAMIC_NO_PIC = NO;
				GCC_OPTIMIZATION_LEVEL = 0;
				GCC_PREPROCESSOR_DEFINITIONS = (
					"DEBUG=1",
					"$(inherited)",
				);
				GCC_SYMBOLS_PRIVATE_EXTERN = NO;
				GCC_WARN_64_TO_32_BIT_CONVERSION = YES;
				GCC_WARN_ABOUT_RETURN_TYPE = YES_ERROR;
				GCC_WARN_UNDECLARED_SELECTOR = YES;
				GCC_WARN_UNINITIALIZED_AUTOS = YES_AGGRESSIVE;
				GCC_WARN_UNUSED_FUNCTION = YES;
				GCC_WARN_UNUSED_VARIABLE = YES;
				IPHONEOS_DEPLOYMENT_TARGET = 8.1;
				MTL_ENABLE_DEBUG_INFO = YES;
				ONLY_ACTIVE_ARCH = YES;
				SDKROOT = iphoneos;
				TARGETED_DEVICE_FAMILY = "1,2";
			};
			name = Debug;
		};
		4DB69A1D1A00BD7900B493D9 /* Release */ = {
			isa = XCBuildConfiguration;
			buildSettings = {
				ALWAYS_SEARCH_USER_PATHS = NO;
				CLANG_CXX_LANGUAGE_STANDARD = "gnu++0x";
				CLANG_CXX_LIBRARY = "libc++";
				CLANG_ENABLE_MODULES = YES;
				CLANG_ENABLE_OBJC_ARC = YES;
				CLANG_WARN_BOOL_CONVERSION = YES;
				CLANG_WARN_CONSTANT_CONVERSION = YES;
				CLANG_WARN_DIRECT_OBJC_ISA_USAGE = YES_ERROR;
				CLANG_WARN_EMPTY_BODY = YES;
				CLANG_WARN_ENUM_CONVERSION = YES;
				CLANG_WARN_INT_CONVERSION = YES;
				CLANG_WARN_OBJC_ROOT_CLASS = YES_ERROR;
				CLANG_WARN_UNREACHABLE_CODE = YES;
				CLANG_WARN__DUPLICATE_METHOD_MATCH = YES;
				"CODE_SIGN_IDENTITY[sdk=iphoneos*]" = "iPhone Developer";
				COPY_PHASE_STRIP = YES;
				ENABLE_NS_ASSERTIONS = NO;
				ENABLE_STRICT_OBJC_MSGSEND = YES;
				GCC_C_LANGUAGE_STANDARD = gnu99;
				GCC_WARN_64_TO_32_BIT_CONVERSION = YES;
				GCC_WARN_ABOUT_RETURN_TYPE = YES_ERROR;
				GCC_WARN_UNDECLARED_SELECTOR = YES;
				GCC_WARN_UNINITIALIZED_AUTOS = YES_AGGRESSIVE;
				GCC_WARN_UNUSED_FUNCTION = YES;
				GCC_WARN_UNUSED_VARIABLE = YES;
				IPHONEOS_DEPLOYMENT_TARGET = 8.1;
				MTL_ENABLE_DEBUG_INFO = NO;
				SDKROOT = iphoneos;
				TARGETED_DEVICE_FAMILY = "1,2";
				VALIDATE_PRODUCT = YES;
			};
			name = Release;
		};
		4DB69A1F1A00BD7900B493D9 /* Debug */ = {
			isa = XCBuildConfiguration;
			buildSettings = {
				ASSETCATALOG_COMPILER_APPICON_NAME = AppIcon;
				HEADER_SEARCH_PATHS = (
					"$(inherited)",
					/Applications/Xcode.app/Contents/Developer/Toolchains/XcodeDefault.xctoolchain/usr/include,
					/usr/include/libxml2,
				);
				INFOPLIST_FILE = XSkyerChatroom/Info.plist;
				IPHONEOS_DEPLOYMENT_TARGET = 8.1;
				LD_RUNPATH_SEARCH_PATHS = "$(inherited) @executable_path/Frameworks";
				"OTHER_LDFLAGS[arch=*]" = /usr/lib/libxml2.dylib;
				PRODUCT_NAME = "$(TARGET_NAME)";
				TARGETED_DEVICE_FAMILY = 1;
			};
			name = Debug;
		};
		4DB69A201A00BD7900B493D9 /* Release */ = {
			isa = XCBuildConfiguration;
			buildSettings = {
				ASSETCATALOG_COMPILER_APPICON_NAME = AppIcon;
				HEADER_SEARCH_PATHS = (
					"$(inherited)",
					/Applications/Xcode.app/Contents/Developer/Toolchains/XcodeDefault.xctoolchain/usr/include,
					/usr/include/libxml2,
				);
				INFOPLIST_FILE = XSkyerChatroom/Info.plist;
				IPHONEOS_DEPLOYMENT_TARGET = 8.1;
				LD_RUNPATH_SEARCH_PATHS = "$(inherited) @executable_path/Frameworks";
				"OTHER_LDFLAGS[arch=*]" = /usr/lib/libxml2.dylib;
				PRODUCT_NAME = "$(TARGET_NAME)";
				TARGETED_DEVICE_FAMILY = 1;
			};
			name = Release;
		};
		4DB69A221A00BD7900B493D9 /* Debug */ = {
			isa = XCBuildConfiguration;
			buildSettings = {
				BUNDLE_LOADER = "$(TEST_HOST)";
				FRAMEWORK_SEARCH_PATHS = (
					"$(SDKROOT)/Developer/Library/Frameworks",
					"$(inherited)",
				);
				GCC_PREPROCESSOR_DEFINITIONS = (
					"DEBUG=1",
					"$(inherited)",
				);
				INFOPLIST_FILE = XSkyerChatroomTests/Info.plist;
				LD_RUNPATH_SEARCH_PATHS = "$(inherited) @executable_path/Frameworks @loader_path/Frameworks";
				PRODUCT_NAME = "$(TARGET_NAME)";
				TEST_HOST = "$(BUILT_PRODUCTS_DIR)/XSkyerChatroom.app/XSkyerChatroom";
			};
			name = Debug;
		};
		4DB69A231A00BD7900B493D9 /* Release */ = {
			isa = XCBuildConfiguration;
			buildSettings = {
				BUNDLE_LOADER = "$(TEST_HOST)";
				FRAMEWORK_SEARCH_PATHS = (
					"$(SDKROOT)/Developer/Library/Frameworks",
					"$(inherited)",
				);
				INFOPLIST_FILE = XSkyerChatroomTests/Info.plist;
				LD_RUNPATH_SEARCH_PATHS = "$(inherited) @executable_path/Frameworks @loader_path/Frameworks";
				PRODUCT_NAME = "$(TARGET_NAME)";
				TEST_HOST = "$(BUILT_PRODUCTS_DIR)/XSkyerChatroom.app/XSkyerChatroom";
			};
			name = Release;
		};
/* End XCBuildConfiguration section */

/* Begin XCConfigurationList section */
		4DB699F61A00BD7900B493D9 /* Build configuration list for PBXProject "XSkyerChatroom" */ = {
			isa = XCConfigurationList;
			buildConfigurations = (
				4DB69A1C1A00BD7900B493D9 /* Debug */,
				4DB69A1D1A00BD7900B493D9 /* Release */,
			);
			defaultConfigurationIsVisible = 0;
			defaultConfigurationName = Release;
		};
		4DB69A1E1A00BD7900B493D9 /* Build configuration list for PBXNativeTarget "XSkyerChatroom" */ = {
			isa = XCConfigurationList;
			buildConfigurations = (
				4DB69A1F1A00BD7900B493D9 /* Debug */,
				4DB69A201A00BD7900B493D9 /* Release */,
			);
			defaultConfigurationIsVisible = 0;
			defaultConfigurationName = Release;
		};
		4DB69A211A00BD7900B493D9 /* Build configuration list for PBXNativeTarget "XSkyerChatroomTests" */ = {
			isa = XCConfigurationList;
			buildConfigurations = (
				4DB69A221A00BD7900B493D9 /* Debug */,
				4DB69A231A00BD7900B493D9 /* Release */,
			);
			defaultConfigurationIsVisible = 0;
			defaultConfigurationName = Release;
		};
/* End XCConfigurationList section */
	};
	rootObject = 4DB699F31A00BD7900B493D9 /* Project object */;
}
